
Microsoft Visual Studio Solution File, Format Version 12.00
# Visual Studio 15
VisualStudioVersion = 15.0.28307.168
MinimumVisualStudioVersion = 10.0.40219.1
Project("{9A19103F-16F7-4668-BE54-9A1E7A4F7556}") = "WebApiCsv", "WebApiCsv.csproj", "{3AAF189D-7476-47EC-8808-4C17926DEA73}"
EndProject
Global
	GlobalSection(SolutionConfigurationPlatforms) = preSolution
		Debug|Any CPU = Debug|Any CPU
		Release|Any CPU = Release|Any CPU
	EndGlobalSection
	GlobalSection(ProjectConfigurationPlatforms) = postSolution
		{3AAF189D-7476-47EC-8808-4C17926DEA73}.Debug|Any CPU.ActiveCfg = Debug|Any CPU
		{3AAF189D-7476-47EC-8808-4C17926DEA73}.Debug|Any CPU.Build.0 = Debug|Any CPU
		{3AAF189D-7476-47EC-8808-4C17926DEA73}.Release|Any CPU.ActiveCfg = Release|Any CPU
		{3AAF189D-7476-47EC-8808-4C17926DEA73}.Release|Any CPU.Build.0 = Release|Any CPU
	EndGlobalSection
	GlobalSection(SolutionProperties) = preSolution
		HideSolutionNode = FALSE
	EndGlobalSection
	GlobalSection(ExtensibilityGlobals) = postSolution
		SolutionGuid = {B79F829C-506E-47EC-88E5-1B2EEE86D336}
	EndGlobalSection
EndGlobal
